{
  "requires": true,
  "lockfileVersion": 1,
  "dependencies": {
    "cstevens-palindrome": {
      "version": "1.0.0",
      "resolved": "https://registry.npmjs.org/cstevens-palindrome/-/cstevens-palindrome-1.0.0.tgz",
      "integrity": "sha512-qvePaZS7P3yan0jZEdgf2ZX2U9XGYR+qqDDo+BgXcPbciYnRNs9AH4FwwBLictOjH8mwUjyjCco50D3f3peolw=="
    }
  }
}
